
Microsoft Visual Studio Solution File, Format Version 12.00
# Visual Studio Version 16
VisualStudioVersion = 16.0.31410.357
MinimumVisualStudioVersion = 10.0.40219.1
Project("{FAE04EC0-301F-11D3-BF4B-00C04F79EFBC}") = "WinTicket", "WinTicket.csproj", "{CA343DB8-E491-41AD-8B11-ACFE596CF5F5}"
EndProject
Global
	GlobalSection(SolutionConfigurationPlatforms) = preSolution
		Debug|Any CPU = Debug|Any CPU
		Release|Any CPU = Release|Any CPU
	EndGlobalSection
	GlobalSection(ProjectConfigurationPlatforms) = postSolution
		{CA343DB8-E491-41AD-8B11-ACFE596CF5F5}.Debug|Any CPU.ActiveCfg = Debug|Any CPU
		{CA343DB8-E491-41AD-8B11-ACFE596CF5F5}.Debug|Any CPU.Build.0 = Debug|Any CPU
		{CA343DB8-E491-41AD-8B11-ACFE596CF5F5}.Release|Any CPU.ActiveCfg = Release|Any CPU
		{CA343DB8-E491-41AD-8B11-ACFE596CF5F5}.Release|Any CPU.Build.0 = Release|Any CPU
	EndGlobalSection
	GlobalSection(SolutionProperties) = preSolution
		HideSolutionNode = FALSE
	EndGlobalSection
	GlobalSection(ExtensibilityGlobals) = postSolution
		SolutionGuid = {346DB849-91DE-401E-ADB3-B545158962F1}
	EndGlobalSection
EndGlobal
